// !$*UTF8*$!
{
	archiveVersion = 1;
	classes = {
	};
	objectVersion = 52;
	objects = {

/* Begin PBXBuildFile section */
		6778CF0D6BD98B61F42B71A3 /* Pods_SportsApp.framework in Frameworks */ = {isa = PBXBuildFile; fileRef = 2AE87E89F9A1679AA0675436 /* Pods_SportsApp.framework */; };
		9F091167282BFCBA00E78983 /* AllSportsViewController.swift in Sources */ = {isa = PBXBuildFile; fileRef = 9F091166282BFCBA00E78983 /* AllSportsViewController.swift */; };
		9F09116A282BFEDC00E78983 /* AllSportsCollectionViewCell.swift in Sources */ = {isa = PBXBuildFile; fileRef = 9F091169282BFEDC00E78983 /* AllSportsCollectionViewCell.swift */; };
		9FAC3F13282EC6D200B184C1 /* sports.png in Resources */ = {isa = PBXBuildFile; fileRef = 9FAC3F12282EC6D200B184C1 /* sports.png */; };
		9FD7D91E282DC278002B9434 /* SportResultNeeded.swift in Sources */ = {isa = PBXBuildFile; fileRef = 9FD7D91D282DC278002B9434 /* SportResultNeeded.swift */; };
		9FE1BAB1282C5F0C009484DB /* SportItem.swift in Sources */ = {isa = PBXBuildFile; fileRef = 9FE1BAB0282C5F0C009484DB /* SportItem.swift */; };
		9FE1BAB3282C5F3B009484DB /* SportResult.swift in Sources */ = {isa = PBXBuildFile; fileRef = 9FE1BAB2282C5F3B009484DB /* SportResult.swift */; };
		9FE1BAB6282C5F96009484DB /* SportsService.swift in Sources */ = {isa = PBXBuildFile; fileRef = 9FE1BAB5282C5F96009484DB /* SportsService.swift */; };
		9FE1BAB8282C5FDD009484DB /* AllSportsPresenter.swift in Sources */ = {isa = PBXBuildFile; fileRef = 9FE1BAB7282C5FDD009484DB /* AllSportsPresenter.swift */; };
		9FE1BABA282C6029009484DB /* AllSportsProtocol.swift in Sources */ = {isa = PBXBuildFile; fileRef = 9FE1BAB9282C6029009484DB /* AllSportsProtocol.swift */; };
		D50DF7C9282EA69C00333548 /* Alamofire in Frameworks */ = {isa = PBXBuildFile; productRef = D50DF7C8282EA69C00333548 /* Alamofire */; };
		D51B3903282EAD350080637F /* LeaguesItem.swift in Sources */ = {isa = PBXBuildFile; fileRef = D51B3902282EAD350080637F /* LeaguesItem.swift */; };
		D51B3905282EAD580080637F /* LeaguesResult.swift in Sources */ = {isa = PBXBuildFile; fileRef = D51B3904282EAD580080637F /* LeaguesResult.swift */; };
		D51B3908282EADAD0080637F /* LeaguesNetworkManager.swift in Sources */ = {isa = PBXBuildFile; fileRef = D51B3907282EADAD0080637F /* LeaguesNetworkManager.swift */; };
		D51B390A282EAE3E0080637F /* LeaguesPresenter.swift in Sources */ = {isa = PBXBuildFile; fileRef = D51B3909282EAE3E0080637F /* LeaguesPresenter.swift */; };
		D51B390C282EB6A60080637F /* DisplayVideoProtocol.swift in Sources */ = {isa = PBXBuildFile; fileRef = D51B390B282EB6A60080637F /* DisplayVideoProtocol.swift */; };
		D5220537282C1019004EE3FA /* LeaguesTableViewController.swift in Sources */ = {isa = PBXBuildFile; fileRef = D5220536282C1019004EE3FA /* LeaguesTableViewController.swift */; };
		D5220539282C162F004EE3FA /* LeaguesTableViewCell.swift in Sources */ = {isa = PBXBuildFile; fileRef = D5220538282C162F004EE3FA /* LeaguesTableViewCell.swift */; };
		D522053C282C195E004EE3FA /* youtube.png in Resources */ = {isa = PBXBuildFile; fileRef = D522053B282C195E004EE3FA /* youtube.png */; };
		D522053E282C3CD8004EE3FA /* favourite.png in Resources */ = {isa = PBXBuildFile; fileRef = D522053D282C3CD8004EE3FA /* favourite.png */; };
		D5668450282BE7FA0089D4F0 /* AppDelegate.swift in Sources */ = {isa = PBXBuildFile; fileRef = D566844F282BE7FA0089D4F0 /* AppDelegate.swift */; };
		D5668452282BE7FA0089D4F0 /* SceneDelegate.swift in Sources */ = {isa = PBXBuildFile; fileRef = D5668451282BE7FA0089D4F0 /* SceneDelegate.swift */; };
		D5668457282BE7FA0089D4F0 /* Main.storyboard in Resources */ = {isa = PBXBuildFile; fileRef = D5668455282BE7FA0089D4F0 /* Main.storyboard */; };
		D566845A282BE7FA0089D4F0 /* SportsApp.xcdatamodeld in Sources */ = {isa = PBXBuildFile; fileRef = D5668458282BE7FA0089D4F0 /* SportsApp.xcdatamodeld */; };
		D566845C282BE8090089D4F0 /* Assets.xcassets in Resources */ = {isa = PBXBuildFile; fileRef = D566845B282BE8090089D4F0 /* Assets.xcassets */; };
		D566845F282BE8090089D4F0 /* LaunchScreen.storyboard in Resources */ = {isa = PBXBuildFile; fileRef = D566845D282BE8090089D4F0 /* LaunchScreen.storyboard */; };
/* End PBXBuildFile section */

/* Begin PBXFileReference section */
		025384F6CF1B9DFF95DAD1D9 /* Pods-SportsApp.release.xcconfig */ = {isa = PBXFileReference; includeInIndex = 1; lastKnownFileType = text.xcconfig; name = "Pods-SportsApp.release.xcconfig"; path = "Target Support Files/Pods-SportsApp/Pods-SportsApp.release.xcconfig"; sourceTree = "<group>"; };
		2AE87E89F9A1679AA0675436 /* Pods_SportsApp.framework */ = {isa = PBXFileReference; explicitFileType = wrapper.framework; includeInIndex = 0; path = Pods_SportsApp.framework; sourceTree = BUILT_PRODUCTS_DIR; };
		9F091166282BFCBA00E78983 /* AllSportsViewController.swift */ = {isa = PBXFileReference; lastKnownFileType = sourcecode.swift; path = AllSportsViewController.swift; sourceTree = "<group>"; };
		9F091169282BFEDC00E78983 /* AllSportsCollectionViewCell.swift */ = {isa = PBXFileReference; lastKnownFileType = sourcecode.swift; path = AllSportsCollectionViewCell.swift; sourceTree = "<group>"; };
		9FAC3F12282EC6D200B184C1 /* sports.png */ = {isa = PBXFileReference; lastKnownFileType = image.png; name = sports.png; path = ../../../../../../../../Downloads/sports.png; sourceTree = "<group>"; };
		9FD7D91D282DC278002B9434 /* SportResultNeeded.swift */ = {isa = PBXFileReference; lastKnownFileType = sourcecode.swift; path = SportResultNeeded.swift; sourceTree = "<group>"; };
		9FE1BAB0282C5F0C009484DB /* SportItem.swift */ = {isa = PBXFileReference; lastKnownFileType = sourcecode.swift; path = SportItem.swift; sourceTree = "<group>"; };
		9FE1BAB2282C5F3B009484DB /* SportResult.swift */ = {isa = PBXFileReference; lastKnownFileType = sourcecode.swift; path = SportResult.swift; sourceTree = "<group>"; };
		9FE1BAB5282C5F96009484DB /* SportsService.swift */ = {isa = PBXFileReference; lastKnownFileType = sourcecode.swift; path = SportsService.swift; sourceTree = "<group>"; };
		9FE1BAB7282C5FDD009484DB /* AllSportsPresenter.swift */ = {isa = PBXFileReference; lastKnownFileType = sourcecode.swift; path = AllSportsPresenter.swift; sourceTree = "<group>"; };
		9FE1BAB9282C6029009484DB /* AllSportsProtocol.swift */ = {isa = PBXFileReference; lastKnownFileType = sourcecode.swift; path = AllSportsProtocol.swift; sourceTree = "<group>"; };
		A83801888046C0660E2E7C0D /* Pods-SportsApp.debug.xcconfig */ = {isa = PBXFileReference; includeInIndex = 1; lastKnownFileType = text.xcconfig; name = "Pods-SportsApp.debug.xcconfig"; path = "Target Support Files/Pods-SportsApp/Pods-SportsApp.debug.xcconfig"; sourceTree = "<group>"; };
		D51B3902282EAD350080637F /* LeaguesItem.swift */ = {isa = PBXFileReference; lastKnownFileType = sourcecode.swift; path = LeaguesItem.swift; sourceTree = "<group>"; };
		D51B3904282EAD580080637F /* LeaguesResult.swift */ = {isa = PBXFileReference; lastKnownFileType = sourcecode.swift; path = LeaguesResult.swift; sourceTree = "<group>"; };
		D51B3907282EADAD0080637F /* LeaguesNetworkManager.swift */ = {isa = PBXFileReference; lastKnownFileType = sourcecode.swift; path = LeaguesNetworkManager.swift; sourceTree = "<group>"; };
		D51B3909282EAE3E0080637F /* LeaguesPresenter.swift */ = {isa = PBXFileReference; lastKnownFileType = sourcecode.swift; name = LeaguesPresenter.swift; path = SportsApp/Module/Leagues/Model/Service/LeaguesPresenter.swift; sourceTree = SOURCE_ROOT; };
		D51B390B282EB6A60080637F /* DisplayVideoProtocol.swift */ = {isa = PBXFileReference; lastKnownFileType = sourcecode.swift; path = DisplayVideoProtocol.swift; sourceTree = "<group>"; };
		D5220536282C1019004EE3FA /* LeaguesTableViewController.swift */ = {isa = PBXFileReference; lastKnownFileType = sourcecode.swift; path = LeaguesTableViewController.swift; sourceTree = "<group>"; };
		D5220538282C162F004EE3FA /* LeaguesTableViewCell.swift */ = {isa = PBXFileReference; lastKnownFileType = sourcecode.swift; path = LeaguesTableViewCell.swift; sourceTree = "<group>"; };
		D522053B282C195E004EE3FA /* youtube.png */ = {isa = PBXFileReference; lastKnownFileType = image.png; path = youtube.png; sourceTree = "<group>"; };
		D522053D282C3CD8004EE3FA /* favourite.png */ = {isa = PBXFileReference; lastKnownFileType = image.png; path = favourite.png; sourceTree = "<group>"; };
		D566844C282BE7FA0089D4F0 /* SportsApp.app */ = {isa = PBXFileReference; explicitFileType = wrapper.application; includeInIndex = 0; path = SportsApp.app; sourceTree = BUILT_PRODUCTS_DIR; };
		D566844F282BE7FA0089D4F0 /* AppDelegate.swift */ = {isa = PBXFileReference; lastKnownFileType = sourcecode.swift; path = AppDelegate.swift; sourceTree = "<group>"; };
		D5668451282BE7FA0089D4F0 /* SceneDelegate.swift */ = {isa = PBXFileReference; lastKnownFileType = sourcecode.swift; path = SceneDelegate.swift; sourceTree = "<group>"; };
		D5668456282BE7FA0089D4F0 /* Base */ = {isa = PBXFileReference; lastKnownFileType = file.storyboard; name = Base; path = Base.lproj/Main.storyboard; sourceTree = "<group>"; };
		D5668459282BE7FA0089D4F0 /* SportsApp.xcdatamodel */ = {isa = PBXFileReference; lastKnownFileType = wrapper.xcdatamodel; path = SportsApp.xcdatamodel; sourceTree = "<group>"; };
		D566845B282BE8090089D4F0 /* Assets.xcassets */ = {isa = PBXFileReference; lastKnownFileType = folder.assetcatalog; path = Assets.xcassets; sourceTree = "<group>"; };
		D566845E282BE8090089D4F0 /* Base */ = {isa = PBXFileReference; lastKnownFileType = file.storyboard; name = Base; path = Base.lproj/LaunchScreen.storyboard; sourceTree = "<group>"; };
		D5668460282BE8090089D4F0 /* Info.plist */ = {isa = PBXFileReference; lastKnownFileType = text.plist.xml; path = Info.plist; sourceTree = "<group>"; };
/* End PBXFileReference section */

/* Begin PBXFrameworksBuildPhase section */
		D5668449282BE7FA0089D4F0 /* Frameworks */ = {
			isa = PBXFrameworksBuildPhase;
			buildActionMask = 2147483647;
			files = (
				D50DF7C9282EA69C00333548 /* Alamofire in Frameworks */,
				6778CF0D6BD98B61F42B71A3 /* Pods_SportsApp.framework in Frameworks */,
			);
			runOnlyForDeploymentPostprocessing = 0;
		};
/* End PBXFrameworksBuildPhase section */

/* Begin PBXGroup section */
		1EB9CD1691FE3EC06F2225EB /* Pods */ = {
			isa = PBXGroup;
			children = (
				A83801888046C0660E2E7C0D /* Pods-SportsApp.debug.xcconfig */,
				025384F6CF1B9DFF95DAD1D9 /* Pods-SportsApp.release.xcconfig */,
			);
			path = Pods;
			sourceTree = "<group>";
		};
		50D7AC2700D3B2F649387158 /* Frameworks */ = {
			isa = PBXGroup;
			children = (
				2AE87E89F9A1679AA0675436 /* Pods_SportsApp.framework */,
			);
			name = Frameworks;
			sourceTree = "<group>";
		};
		9F091162282BF72700E78983 /* Module */ = {
			isa = PBXGroup;
			children = (
				D522053A282C1872004EE3FA /* Images */,
				D5220533282C0FBC004EE3FA /* Leagues */,
				9F091168282BFCC200E78983 /* AllSports */,
			);
			path = Module;
			sourceTree = "<group>";
		};
		9F091165282BFC6400E78983 /* View */ = {
			isa = PBXGroup;
			children = (
				9F091166282BFCBA00E78983 /* AllSportsViewController.swift */,
				9F091169282BFEDC00E78983 /* AllSportsCollectionViewCell.swift */,
				9FE1BAB9282C6029009484DB /* AllSportsProtocol.swift */,
			);
			path = View;
			sourceTree = "<group>";
		};
		9F091168282BFCC200E78983 /* AllSports */ = {
			isa = PBXGroup;
			children = (
				9FE1BAAF282C5EFC009484DB /* Model */,
				9FE1BAAE282C5EBD009484DB /* Presenter */,
				9F091165282BFC6400E78983 /* View */,
			);
			path = AllSports;
			sourceTree = "<group>";
		};
		9FE1BAAE282C5EBD009484DB /* Presenter */ = {
			isa = PBXGroup;
			children = (
				9FE1BAB7282C5FDD009484DB /* AllSportsPresenter.swift */,
			);
			path = Presenter;
			sourceTree = "<group>";
		};
		9FE1BAAF282C5EFC009484DB /* Model */ = {
			isa = PBXGroup;
			children = (
				9FE1BAB4282C5F7E009484DB /* Services */,
				9FE1BAB0282C5F0C009484DB /* SportItem.swift */,
				9FE1BAB2282C5F3B009484DB /* SportResult.swift */,
				9FD7D91D282DC278002B9434 /* SportResultNeeded.swift */,
			);
			path = Model;
			sourceTree = "<group>";
		};
		9FE1BAB4282C5F7E009484DB /* Services */ = {
			isa = PBXGroup;
			children = (
				9FE1BAB5282C5F96009484DB /* SportsService.swift */,
			);
			path = Services;
			sourceTree = "<group>";
		};
		D51B3900282EACA00080637F /* Model */ = {
			isa = PBXGroup;
			children = (
				D51B3901282EACB10080637F /* Service */,
				D51B3904282EAD580080637F /* LeaguesResult.swift */,
				D51B3902282EAD350080637F /* LeaguesItem.swift */,
			);
			path = Model;
			sourceTree = "<group>";
		};
		D51B3901282EACB10080637F /* Service */ = {
			isa = PBXGroup;
			children = (
				D51B3907282EADAD0080637F /* LeaguesNetworkManager.swift */,
			);
			path = Service;
			sourceTree = "<group>";
		};
		D5220532282C0D93004EE3FA /* View */ = {
			isa = PBXGroup;
			children = (
				D5668455282BE7FA0089D4F0 /* Main.storyboard */,
				D566845D282BE8090089D4F0 /* LaunchScreen.storyboard */,
			);
			path = View;
			sourceTree = "<group>";
		};
		D5220533282C0FBC004EE3FA /* Leagues */ = {
			isa = PBXGroup;
			children = (
				D51B3900282EACA00080637F /* Model */,
				D5220535282C0FE8004EE3FA /* Presenter */,
				D5220534282C0FDB004EE3FA /* View */,
			);
			path = Leagues;
			sourceTree = "<group>";
		};
		D5220534282C0FDB004EE3FA /* View */ = {
			isa = PBXGroup;
			children = (
				D5220536282C1019004EE3FA /* LeaguesTableViewController.swift */,
				D5220538282C162F004EE3FA /* LeaguesTableViewCell.swift */,
				D51B390B282EB6A60080637F /* DisplayVideoProtocol.swift */,
			);
			path = View;
			sourceTree = "<group>";
		};
		D5220535282C0FE8004EE3FA /* Presenter */ = {
			isa = PBXGroup;
			children = (
				D51B3909282EAE3E0080637F /* LeaguesPresenter.swift */,
			);
			path = Presenter;
			sourceTree = "<group>";
		};
		D522053A282C1872004EE3FA /* Images */ = {
			isa = PBXGroup;
			children = (
				9FAC3F12282EC6D200B184C1 /* sports.png */,
				D522053D282C3CD8004EE3FA /* favourite.png */,
				D522053B282C195E004EE3FA /* youtube.png */,
			);
			path = Images;
			sourceTree = "<group>";
		};
		D5668443282BE7F90089D4F0 = {
			isa = PBXGroup;
			children = (
				D566844E282BE7FA0089D4F0 /* SportsApp */,
				D566844D282BE7FA0089D4F0 /* Products */,
				1EB9CD1691FE3EC06F2225EB /* Pods */,
				50D7AC2700D3B2F649387158 /* Frameworks */,
			);
			sourceTree = "<group>";
		};
		D566844D282BE7FA0089D4F0 /* Products */ = {
			isa = PBXGroup;
			children = (
				D566844C282BE7FA0089D4F0 /* SportsApp.app */,
			);
			name = Products;
			sourceTree = "<group>";
		};
		D566844E282BE7FA0089D4F0 /* SportsApp */ = {
			isa = PBXGroup;
			children = (
				D5220532282C0D93004EE3FA /* View */,
				9F091162282BF72700E78983 /* Module */,
				D566844F282BE7FA0089D4F0 /* AppDelegate.swift */,
				D5668451282BE7FA0089D4F0 /* SceneDelegate.swift */,
				D566845B282BE8090089D4F0 /* Assets.xcassets */,
				D5668460282BE8090089D4F0 /* Info.plist */,
				D5668458282BE7FA0089D4F0 /* SportsApp.xcdatamodeld */,
			);
			path = SportsApp;
			sourceTree = "<group>";
		};
/* End PBXGroup section */

/* Begin PBXNativeTarget section */
		D566844B282BE7FA0089D4F0 /* SportsApp */ = {
			isa = PBXNativeTarget;
			buildConfigurationList = D5668463282BE8090089D4F0 /* Build configuration list for PBXNativeTarget "SportsApp" */;
			buildPhases = (
				8D4C20701DD334B2C6AE04A6 /* [CP] Check Pods Manifest.lock */,
				D5668448282BE7FA0089D4F0 /* Sources */,
				D5668449282BE7FA0089D4F0 /* Frameworks */,
				D566844A282BE7FA0089D4F0 /* Resources */,
				8A96832B80EC4E4C5151A100 /* [CP] Embed Pods Frameworks */,
			);
			buildRules = (
			);
			dependencies = (
			);
			name = SportsApp;
			packageProductDependencies = (
				D50DF7C8282EA69C00333548 /* Alamofire */,
			);
			productName = SportsApp;
			productReference = D566844C282BE7FA0089D4F0 /* SportsApp.app */;
			productType = "com.apple.product-type.application";
		};
/* End PBXNativeTarget section */

/* Begin PBXProject section */
		D5668444282BE7F90089D4F0 /* Project object */ = {
			isa = PBXProject;
			attributes = {
				LastSwiftUpdateCheck = 1100;
				LastUpgradeCheck = 1100;
				ORGANIZATIONNAME = "mariam mostafa";
				TargetAttributes = {
					D566844B282BE7FA0089D4F0 = {
						CreatedOnToolsVersion = 11.0;
					};
				};
			};
			buildConfigurationList = D5668447282BE7F90089D4F0 /* Build configuration list for PBXProject "SportsApp" */;
			compatibilityVersion = "Xcode 9.3";
			developmentRegion = en;
			hasScannedForEncodings = 0;
			knownRegions = (
				en,
				Base,
			);
			mainGroup = D5668443282BE7F90089D4F0;
			packageReferences = (
				D50DF7C7282EA69C00333548 /* XCRemoteSwiftPackageReference "Alamofire" */,
			);
			productRefGroup = D566844D282BE7FA0089D4F0 /* Products */;
			projectDirPath = "";
			projectRoot = "";
			targets = (
				D566844B282BE7FA0089D4F0 /* SportsApp */,
			);
		};
/* End PBXProject section */

/* Begin PBXResourcesBuildPhase section */
		D566844A282BE7FA0089D4F0 /* Resources */ = {
			isa = PBXResourcesBuildPhase;
			buildActionMask = 2147483647;
			files = (
				9FAC3F13282EC6D200B184C1 /* sports.png in Resources */,
				D566845F282BE8090089D4F0 /* LaunchScreen.storyboard in Resources */,
				D566845C282BE8090089D4F0 /* Assets.xcassets in Resources */,
				D5668457282BE7FA0089D4F0 /* Main.storyboard in Resources */,
				D522053E282C3CD8004EE3FA /* favourite.png in Resources */,
				D522053C282C195E004EE3FA /* youtube.png in Resources */,
			);
			runOnlyForDeploymentPostprocessing = 0;
		};
/* End PBXResourcesBuildPhase section */

/* Begin PBXShellScriptBuildPhase section */
		8A96832B80EC4E4C5151A100 /* [CP] Embed Pods Frameworks */ = {
			isa = PBXShellScriptBuildPhase;
			buildActionMask = 2147483647;
			files = (
			);
			inputFileListPaths = (
				"${PODS_ROOT}/Target Support Files/Pods-SportsApp/Pods-SportsApp-frameworks-${CONFIGURATION}-input-files.xcfilelist",
			);
			name = "[CP] Embed Pods Frameworks";
			outputFileListPaths = (
				"${PODS_ROOT}/Target Support Files/Pods-SportsApp/Pods-SportsApp-frameworks-${CONFIGURATION}-output-files.xcfilelist",
			);
			runOnlyForDeploymentPostprocessing = 0;
			shellPath = /bin/sh;
			shellScript = "\"${PODS_ROOT}/Target Support Files/Pods-SportsApp/Pods-SportsApp-frameworks.sh\"\n";
			showEnvVarsInLog = 0;
		};
		8D4C20701DD334B2C6AE04A6 /* [CP] Check Pods Manifest.lock */ = {
			isa = PBXShellScriptBuildPhase;
			buildActionMask = 2147483647;
			files = (
			);
			inputFileListPaths = (
			);
			inputPaths = (
				"${PODS_PODFILE_DIR_PATH}/Podfile.lock",
				"${PODS_ROOT}/Manifest.lock",
			);
			name = "[CP] Check Pods Manifest.lock";
			outputFileListPaths = (
			);
			outputPaths = (
				"$(DERIVED_FILE_DIR)/Pods-SportsApp-checkManifestLockResult.txt",
			);
			runOnlyForDeploymentPostprocessing = 0;
			shellPath = /bin/sh;
			shellScript = "diff \"${PODS_PODFILE_DIR_PATH}/Podfile.lock\" \"${PODS_ROOT}/Manifest.lock\" > /dev/null\nif [ $? != 0 ] ; then\n    # print error to STDERR\n    echo \"error: The sandbox is not in sync with the Podfile.lock. Run 'pod install' or update your CocoaPods installation.\" >&2\n    exit 1\nfi\n# This output is used by Xcode 'outputs' to avoid re-running this script phase.\necho \"SUCCESS\" > \"${SCRIPT_OUTPUT_FILE_0}\"\n";
			showEnvVarsInLog = 0;
		};
/* End PBXShellScriptBuildPhase section */

/* Begin PBXSourcesBuildPhase section */
		D5668448282BE7FA0089D4F0 /* Sources */ = {
			isa = PBXSourcesBuildPhase;
			buildActionMask = 2147483647;
			files = (
				D51B390A282EAE3E0080637F /* LeaguesPresenter.swift in Sources */,
				9FE1BABA282C6029009484DB /* AllSportsProtocol.swift in Sources */,
				D51B3908282EADAD0080637F /* LeaguesNetworkManager.swift in Sources */,
				D5220537282C1019004EE3FA /* LeaguesTableViewController.swift in Sources */,
				D51B3905282EAD580080637F /* LeaguesResult.swift in Sources */,
				9FE1BAB1282C5F0C009484DB /* SportItem.swift in Sources */,
				9F091167282BFCBA00E78983 /* AllSportsViewController.swift in Sources */,
				9F09116A282BFEDC00E78983 /* AllSportsCollectionViewCell.swift in Sources */,
				9FD7D91E282DC278002B9434 /* SportResultNeeded.swift in Sources */,
				D5220539282C162F004EE3FA /* LeaguesTableViewCell.swift in Sources */,
				D5668450282BE7FA0089D4F0 /* AppDelegate.swift in Sources */,
				9FE1BAB8282C5FDD009484DB /* AllSportsPresenter.swift in Sources */,
				D51B390C282EB6A60080637F /* DisplayVideoProtocol.swift in Sources */,
				9FE1BAB6282C5F96009484DB /* SportsService.swift in Sources */,
				D566845A282BE7FA0089D4F0 /* SportsApp.xcdatamodeld in Sources */,
				9FE1BAB3282C5F3B009484DB /* SportResult.swift in Sources */,
				D5668452282BE7FA0089D4F0 /* SceneDelegate.swift in Sources */,
				D51B3903282EAD350080637F /* LeaguesItem.swift in Sources */,
			);
			runOnlyForDeploymentPostprocessing = 0;
		};
/* End PBXSourcesBuildPhase section */

/* Begin PBXVariantGroup section */
		D5668455282BE7FA0089D4F0 /* Main.storyboard */ = {
			isa = PBXVariantGroup;
			children = (
				D5668456282BE7FA0089D4F0 /* Base */,
			);
			name = Main.storyboard;
			sourceTree = "<group>";
		};
		D566845D282BE8090089D4F0 /* LaunchScreen.storyboard */ = {
			isa = PBXVariantGroup;
			children = (
				D566845E282BE8090089D4F0 /* Base */,
			);
			name = LaunchScreen.storyboard;
			sourceTree = "<group>";
		};
/* End PBXVariantGroup section */

/* Begin XCBuildConfiguration section */
		D5668461282BE8090089D4F0 /* Debug */ = {
			isa = XCBuildConfiguration;
			buildSettings = {
				ALWAYS_SEARCH_USER_PATHS = NO;
				CLANG_ANALYZER_NONNULL = YES;
				CLANG_ANALYZER_NUMBER_OBJECT_CONVERSION = YES_AGGRESSIVE;
				CLANG_CXX_LANGUAGE_STANDARD = "gnu++14";
				CLANG_CXX_LIBRARY = "libc++";
				CLANG_ENABLE_MODULES = YES;
				CLANG_ENABLE_OBJC_ARC = YES;
				CLANG_ENABLE_OBJC_WEAK = YES;
				CLANG_WARN_BLOCK_CAPTURE_AUTORELEASING = YES;
				CLANG_WARN_BOOL_CONVERSION = YES;
				CLANG_WARN_COMMA = YES;
				CLANG_WARN_CONSTANT_CONVERSION = YES;
				CLANG_WARN_DEPRECATED_OBJC_IMPLEMENTATIONS = YES;
				CLANG_WARN_DIRECT_OBJC_ISA_USAGE = YES_ERROR;
				CLANG_WARN_DOCUMENTATION_COMMENTS = YES;
				CLANG_WARN_EMPTY_BODY = YES;
				CLANG_WARN_ENUM_CONVERSION = YES;
				CLANG_WARN_INFINITE_RECURSION = YES;
				CLANG_WARN_INT_CONVERSION = YES;
				CLANG_WARN_NON_LITERAL_NULL_CONVERSION = YES;
				CLANG_WARN_OBJC_IMPLICIT_RETAIN_SELF = YES;
				CLANG_WARN_OBJC_LITERAL_CONVERSION = YES;
				CLANG_WARN_OBJC_ROOT_CLASS = YES_ERROR;
				CLANG_WARN_RANGE_LOOP_ANALYSIS = YES;
				CLANG_WARN_STRICT_PROTOTYPES = YES;
				CLANG_WARN_SUSPICIOUS_MOVE = YES;
				CLANG_WARN_UNGUARDED_AVAILABILITY = YES_AGGRESSIVE;
				CLANG_WARN_UNREACHABLE_CODE = YES;
				CLANG_WARN__DUPLICATE_METHOD_MATCH = YES;
				COPY_PHASE_STRIP = NO;
				DEBUG_INFORMATION_FORMAT = dwarf;
				ENABLE_STRICT_OBJC_MSGSEND = YES;
				ENABLE_TESTABILITY = YES;
				GCC_C_LANGUAGE_STANDARD = gnu11;
				GCC_DYNAMIC_NO_PIC = NO;
				GCC_NO_COMMON_BLOCKS = YES;
				GCC_OPTIMIZATION_LEVEL = 0;
				GCC_PREPROCESSOR_DEFINITIONS = (
					"DEBUG=1",
					"$(inherited)",
				);
				GCC_WARN_64_TO_32_BIT_CONVERSION = YES;
				GCC_WARN_ABOUT_RETURN_TYPE = YES_ERROR;
				GCC_WARN_UNDECLARED_SELECTOR = YES;
				GCC_WARN_UNINITIALIZED_AUTOS = YES_AGGRESSIVE;
				GCC_WARN_UNUSED_FUNCTION = YES;
				GCC_WARN_UNUSED_VARIABLE = YES;
				IPHONEOS_DEPLOYMENT_TARGET = 13.0;
				MTL_ENABLE_DEBUG_INFO = INCLUDE_SOURCE;
				MTL_FAST_MATH = YES;
				ONLY_ACTIVE_ARCH = YES;
				SDKROOT = iphoneos;
				SWIFT_ACTIVE_COMPILATION_CONDITIONS = DEBUG;
				SWIFT_OPTIMIZATION_LEVEL = "-Onone";
			};
			name = Debug;
		};
		D5668462282BE8090089D4F0 /* Release */ = {
			isa = XCBuildConfiguration;
			buildSettings = {
				ALWAYS_SEARCH_USER_PATHS = NO;
				CLANG_ANALYZER_NONNULL = YES;
				CLANG_ANALYZER_NUMBER_OBJECT_CONVERSION = YES_AGGRESSIVE;
				CLANG_CXX_LANGUAGE_STANDARD = "gnu++14";
				CLANG_CXX_LIBRARY = "libc++";
				CLANG_ENABLE_MODULES = YES;
				CLANG_ENABLE_OBJC_ARC = YES;
				CLANG_ENABLE_OBJC_WEAK = YES;
				CLANG_WARN_BLOCK_CAPTURE_AUTORELEASING = YES;
				CLANG_WARN_BOOL_CONVERSION = YES;
				CLANG_WARN_COMMA = YES;
				CLANG_WARN_CONSTANT_CONVERSION = YES;
				CLANG_WARN_DEPRECATED_OBJC_IMPLEMENTATIONS = YES;
				CLANG_WARN_DIRECT_OBJC_ISA_USAGE = YES_ERROR;
				CLANG_WARN_DOCUMENTATION_COMMENTS = YES;
				CLANG_WARN_EMPTY_BODY = YES;
				CLANG_WARN_ENUM_CONVERSION = YES;
				CLANG_WARN_INFINITE_RECURSION = YES;
				CLANG_WARN_INT_CONVERSION = YES;
				CLANG_WARN_NON_LITERAL_NULL_CONVERSION = YES;
				CLANG_WARN_OBJC_IMPLICIT_RETAIN_SELF = YES;
				CLANG_WARN_OBJC_LITERAL_CONVERSION = YES;
				CLANG_WARN_OBJC_ROOT_CLASS = YES_ERROR;
				CLANG_WARN_RANGE_LOOP_ANALYSIS = YES;
				CLANG_WARN_STRICT_PROTOTYPES = YES;
				CLANG_WARN_SUSPICIOUS_MOVE = YES;
				CLANG_WARN_UNGUARDED_AVAILABILITY = YES_AGGRESSIVE;
				CLANG_WARN_UNREACHABLE_CODE = YES;
				CLANG_WARN__DUPLICATE_METHOD_MATCH = YES;
				COPY_PHASE_STRIP = NO;
				DEBUG_INFORMATION_FORMAT = "dwarf-with-dsym";
				ENABLE_NS_ASSERTIONS = NO;
				ENABLE_STRICT_OBJC_MSGSEND = YES;
				GCC_C_LANGUAGE_STANDARD = gnu11;
				GCC_NO_COMMON_BLOCKS = YES;
				GCC_WARN_64_TO_32_BIT_CONVERSION = YES;
				GCC_WARN_ABOUT_RETURN_TYPE = YES_ERROR;
				GCC_WARN_UNDECLARED_SELECTOR = YES;
				GCC_WARN_UNINITIALIZED_AUTOS = YES_AGGRESSIVE;
				GCC_WARN_UNUSED_FUNCTION = YES;
				GCC_WARN_UNUSED_VARIABLE = YES;
				IPHONEOS_DEPLOYMENT_TARGET = 13.0;
				MTL_ENABLE_DEBUG_INFO = NO;
				MTL_FAST_MATH = YES;
				SDKROOT = iphoneos;
				SWIFT_COMPILATION_MODE = wholemodule;
				SWIFT_OPTIMIZATION_LEVEL = "-O";
				VALIDATE_PRODUCT = YES;
			};
			name = Release;
		};
		D5668464282BE8090089D4F0 /* Debug */ = {
			isa = XCBuildConfiguration;
			baseConfigurationReference = A83801888046C0660E2E7C0D /* Pods-SportsApp.debug.xcconfig */;
			buildSettings = {
				ASSETCATALOG_COMPILER_APPICON_NAME = AppIcon;
				CODE_SIGN_STYLE = Automatic;
				INFOPLIST_FILE = SportsApp/Info.plist;
				LD_RUNPATH_SEARCH_PATHS = (
					"$(inherited)",
					"@executable_path/Frameworks",
				);
				PRODUCT_BUNDLE_IDENTIFIER = iti.SportsApp;
				PRODUCT_NAME = "$(TARGET_NAME)";
				SWIFT_VERSION = 5.0;
				TARGETED_DEVICE_FAMILY = "1,2";
			};
			name = Debug;
		};
		D5668465282BE8090089D4F0 /* Release */ = {
			isa = XCBuildConfiguration;
			baseConfigurationReference = 025384F6CF1B9DFF95DAD1D9 /* Pods-SportsApp.release.xcconfig */;
			buildSettings = {
				ASSETCATALOG_COMPILER_APPICON_NAME = AppIcon;
				CODE_SIGN_STYLE = Automatic;
				INFOPLIST_FILE = SportsApp/Info.plist;
				LD_RUNPATH_SEARCH_PATHS = (
					"$(inherited)",
					"@executable_path/Frameworks",
				);
				PRODUCT_BUNDLE_IDENTIFIER = iti.SportsApp;
				PRODUCT_NAME = "$(TARGET_NAME)";
				SWIFT_VERSION = 5.0;
				TARGETED_DEVICE_FAMILY = "1,2";
			};
			name = Release;
		};
/* End XCBuildConfiguration section */

/* Begin XCConfigurationList section */
		D5668447282BE7F90089D4F0 /* Build configuration list for PBXProject "SportsApp" */ = {
			isa = XCConfigurationList;
			buildConfigurations = (
				D5668461282BE8090089D4F0 /* Debug */,
				D5668462282BE8090089D4F0 /* Release */,
			);
			defaultConfigurationIsVisible = 0;
			defaultConfigurationName = Release;
		};
		D5668463282BE8090089D4F0 /* Build configuration list for PBXNativeTarget "SportsApp" */ = {
			isa = XCConfigurationList;
			buildConfigurations = (
				D5668464282BE8090089D4F0 /* Debug */,
				D5668465282BE8090089D4F0 /* Release */,
			);
			defaultConfigurationIsVisible = 0;
			defaultConfigurationName = Release;
		};
/* End XCConfigurationList section */

/* Begin XCRemoteSwiftPackageReference section */
		D50DF7C7282EA69C00333548 /* XCRemoteSwiftPackageReference "Alamofire" */ = {
			isa = XCRemoteSwiftPackageReference;
			repositoryURL = "https://github.com/Alamofire/Alamofire";
			requirement = {
				kind = upToNextMajorVersion;
				minimumVersion = 4.9.1;
			};
		};
/* End XCRemoteSwiftPackageReference section */

/* Begin XCSwiftPackageProductDependency section */
		D50DF7C8282EA69C00333548 /* Alamofire */ = {
			isa = XCSwiftPackageProductDependency;
			package = D50DF7C7282EA69C00333548 /* XCRemoteSwiftPackageReference "Alamofire" */;
			productName = Alamofire;
		};
/* End XCSwiftPackageProductDependency section */

/* Begin XCVersionGroup section */
		D5668458282BE7FA0089D4F0 /* SportsApp.xcdatamodeld */ = {
			isa = XCVersionGroup;
			children = (
				D5668459282BE7FA0089D4F0 /* SportsApp.xcdatamodel */,
			);
			currentVersion = D5668459282BE7FA0089D4F0 /* SportsApp.xcdatamodel */;
			path = SportsApp.xcdatamodeld;
			sourceTree = "<group>";
			versionGroupType = wrapper.xcdatamodel;
		};
/* End XCVersionGroup section */
	};
	rootObject = D5668444282BE7F90089D4F0 /* Project object */;
}
