// !$*UTF8*$!
{
	archiveVersion = 1;
	classes = {
	};
	objectVersion = 50;
	objects = {

/* Begin PBXBuildFile section */
		9F091167282BFCBA00E78983 /* AllSportsViewController.swift in Sources */ = {isa = PBXBuildFile; fileRef = 9F091166282BFCBA00E78983 /* AllSportsViewController.swift */; };
		9F09116A282BFEDC00E78983 /* AllSportsCollectionViewCell.swift in Sources */ = {isa = PBXBuildFile; fileRef = 9F091169282BFEDC00E78983 /* AllSportsCollectionViewCell.swift */; };
		D5220537282C1019004EE3FA /* LeaguesTableViewController.swift in Sources */ = {isa = PBXBuildFile; fileRef = D5220536282C1019004EE3FA /* LeaguesTableViewController.swift */; };
		D5220539282C162F004EE3FA /* LeaguesTableViewCell.swift in Sources */ = {isa = PBXBuildFile; fileRef = D5220538282C162F004EE3FA /* LeaguesTableViewCell.swift */; };
		D522053C282C195E004EE3FA /* youtube.png in Resources */ = {isa = PBXBuildFile; fileRef = D522053B282C195E004EE3FA /* youtube.png */; };
		D522053E282C3CD8004EE3FA /* favourite.png in Resources */ = {isa = PBXBuildFile; fileRef = D522053D282C3CD8004EE3FA /* favourite.png */; };
		D5668450282BE7FA0089D4F0 /* AppDelegate.swift in Sources */ = {isa = PBXBuildFile; fileRef = D566844F282BE7FA0089D4F0 /* AppDelegate.swift */; };
		D5668452282BE7FA0089D4F0 /* SceneDelegate.swift in Sources */ = {isa = PBXBuildFile; fileRef = D5668451282BE7FA0089D4F0 /* SceneDelegate.swift */; };
		D5668457282BE7FA0089D4F0 /* Main.storyboard in Resources */ = {isa = PBXBuildFile; fileRef = D5668455282BE7FA0089D4F0 /* Main.storyboard */; };
		D566845A282BE7FA0089D4F0 /* SportsApp.xcdatamodeld in Sources */ = {isa = PBXBuildFile; fileRef = D5668458282BE7FA0089D4F0 /* SportsApp.xcdatamodeld */; };
		D566845C282BE8090089D4F0 /* Assets.xcassets in Resources */ = {isa = PBXBuildFile; fileRef = D566845B282BE8090089D4F0 /* Assets.xcassets */; };
		D566845F282BE8090089D4F0 /* LaunchScreen.storyboard in Resources */ = {isa = PBXBuildFile; fileRef = D566845D282BE8090089D4F0 /* LaunchScreen.storyboard */; };
/* End PBXBuildFile section */

/* Begin PBXFileReference section */
		9F091166282BFCBA00E78983 /* AllSportsViewController.swift */ = {isa = PBXFileReference; lastKnownFileType = sourcecode.swift; path = AllSportsViewController.swift; sourceTree = "<group>"; };
		9F091169282BFEDC00E78983 /* AllSportsCollectionViewCell.swift */ = {isa = PBXFileReference; lastKnownFileType = sourcecode.swift; path = AllSportsCollectionViewCell.swift; sourceTree = "<group>"; };
		D5220536282C1019004EE3FA /* LeaguesTableViewController.swift */ = {isa = PBXFileReference; lastKnownFileType = sourcecode.swift; path = LeaguesTableViewController.swift; sourceTree = "<group>"; };
		D5220538282C162F004EE3FA /* LeaguesTableViewCell.swift */ = {isa = PBXFileReference; lastKnownFileType = sourcecode.swift; path = LeaguesTableViewCell.swift; sourceTree = "<group>"; };
		D522053B282C195E004EE3FA /* youtube.png */ = {isa = PBXFileReference; lastKnownFileType = image.png; path = youtube.png; sourceTree = "<group>"; };
		D522053D282C3CD8004EE3FA /* favourite.png */ = {isa = PBXFileReference; lastKnownFileType = image.png; path = favourite.png; sourceTree = "<group>"; };
		D566844C282BE7FA0089D4F0 /* SportsApp.app */ = {isa = PBXFileReference; explicitFileType = wrapper.application; includeInIndex = 0; path = SportsApp.app; sourceTree = BUILT_PRODUCTS_DIR; };
		D566844F282BE7FA0089D4F0 /* AppDelegate.swift */ = {isa = PBXFileReference; lastKnownFileType = sourcecode.swift; path = AppDelegate.swift; sourceTree = "<group>"; };
		D5668451282BE7FA0089D4F0 /* SceneDelegate.swift */ = {isa = PBXFileReference; lastKnownFileType = sourcecode.swift; path = SceneDelegate.swift; sourceTree = "<group>"; };
		D5668456282BE7FA0089D4F0 /* Base */ = {isa = PBXFileReference; lastKnownFileType = file.storyboard; name = Base; path = Base.lproj/Main.storyboard; sourceTree = "<group>"; };
		D5668459282BE7FA0089D4F0 /* SportsApp.xcdatamodel */ = {isa = PBXFileReference; lastKnownFileType = wrapper.xcdatamodel; path = SportsApp.xcdatamodel; sourceTree = "<group>"; };
		D566845B282BE8090089D4F0 /* Assets.xcassets */ = {isa = PBXFileReference; lastKnownFileType = folder.assetcatalog; path = Assets.xcassets; sourceTree = "<group>"; };
		D566845E282BE8090089D4F0 /* Base */ = {isa = PBXFileReference; lastKnownFileType = file.storyboard; name = Base; path = Base.lproj/LaunchScreen.storyboard; sourceTree = "<group>"; };
		D5668460282BE8090089D4F0 /* Info.plist */ = {isa = PBXFileReference; lastKnownFileType = text.plist.xml; path = Info.plist; sourceTree = "<group>"; };
/* End PBXFileReference section */

/* Begin PBXFrameworksBuildPhase section */
		D5668449282BE7FA0089D4F0 /* Frameworks */ = {
			isa = PBXFrameworksBuildPhase;
			buildActionMask = 2147483647;
			files = (
			);
			runOnlyForDeploymentPostprocessing = 0;
		};
/* End PBXFrameworksBuildPhase section */

/* Begin PBXGroup section */
		9F091162282BF72700E78983 /* Home */ = {
			isa = PBXGroup;
			children = (
				D522053A282C1872004EE3FA /* Images */,
				D5220533282C0FBC004EE3FA /* Leagues */,
				D5220532282C0D93004EE3FA /* View */,
				9F091168282BFCC200E78983 /* AllSports */,
			);
			path = Home;
			sourceTree = "<group>";
		};
		9F091165282BFC6400E78983 /* View */ = {
			isa = PBXGroup;
			children = (
				9F091166282BFCBA00E78983 /* AllSportsViewController.swift */,
				9F091169282BFEDC00E78983 /* AllSportsCollectionViewCell.swift */,
			);
			path = View;
			sourceTree = "<group>";
		};
		9F091168282BFCC200E78983 /* AllSports */ = {
			isa = PBXGroup;
			children = (
				9F091165282BFC6400E78983 /* View */,
			);
			path = AllSports;
			sourceTree = "<group>";
		};
		D5220532282C0D93004EE3FA /* View */ = {
			isa = PBXGroup;
			children = (
				D5668455282BE7FA0089D4F0 /* Main.storyboard */,
				D566845D282BE8090089D4F0 /* LaunchScreen.storyboard */,
			);
			path = View;
			sourceTree = "<group>";
		};
		D5220533282C0FBC004EE3FA /* Leagues */ = {
			isa = PBXGroup;
			children = (
				D5220535282C0FE8004EE3FA /* Presenter */,
				D5220534282C0FDB004EE3FA /* View */,
			);
			path = Leagues;
			sourceTree = "<group>";
		};
		D5220534282C0FDB004EE3FA /* View */ = {
			isa = PBXGroup;
			children = (
				D5220536282C1019004EE3FA /* LeaguesTableViewController.swift */,
				D5220538282C162F004EE3FA /* LeaguesTableViewCell.swift */,
			);
			path = View;
			sourceTree = "<group>";
		};
		D5220535282C0FE8004EE3FA /* Presenter */ = {
			isa = PBXGroup;
			children = (
			);
			path = Presenter;
			sourceTree = "<group>";
		};
		D522053A282C1872004EE3FA /* Images */ = {
			isa = PBXGroup;
			children = (
				D522053D282C3CD8004EE3FA /* favourite.png */,
				D522053B282C195E004EE3FA /* youtube.png */,
			);
			path = Images;
			sourceTree = "<group>";
		};
		D5668443282BE7F90089D4F0 = {
			isa = PBXGroup;
			children = (
				D566844E282BE7FA0089D4F0 /* SportsApp */,
				D566844D282BE7FA0089D4F0 /* Products */,
			);
			sourceTree = "<group>";
		};
		D566844D282BE7FA0089D4F0 /* Products */ = {
			isa = PBXGroup;
			children = (
				D566844C282BE7FA0089D4F0 /* SportsApp.app */,
			);
			name = Products;
			sourceTree = "<group>";
		};
		D566844E282BE7FA0089D4F0 /* SportsApp */ = {
			isa = PBXGroup;
			children = (
				9F091162282BF72700E78983 /* Home */,
				D566844F282BE7FA0089D4F0 /* AppDelegate.swift */,
				D5668451282BE7FA0089D4F0 /* SceneDelegate.swift */,
				D566845B282BE8090089D4F0 /* Assets.xcassets */,
				D5668460282BE8090089D4F0 /* Info.plist */,
				D5668458282BE7FA0089D4F0 /* SportsApp.xcdatamodeld */,
			);
			path = SportsApp;
			sourceTree = "<group>";
		};
/* End PBXGroup section */

/* Begin PBXNativeTarget section */
		D566844B282BE7FA0089D4F0 /* SportsApp */ = {
			isa = PBXNativeTarget;
			buildConfigurationList = D5668463282BE8090089D4F0 /* Build configuration list for PBXNativeTarget "SportsApp" */;
			buildPhases = (
				D5668448282BE7FA0089D4F0 /* Sources */,
				D5668449282BE7FA0089D4F0 /* Frameworks */,
				D566844A282BE7FA0089D4F0 /* Resources */,
			);
			buildRules = (
			);
			dependencies = (
			);
			name = SportsApp;
			productName = SportsApp;
			productReference = D566844C282BE7FA0089D4F0 /* SportsApp.app */;
			productType = "com.apple.product-type.application";
		};
/* End PBXNativeTarget section */

/* Begin PBXProject section */
		D5668444282BE7F90089D4F0 /* Project object */ = {
			isa = PBXProject;
			attributes = {
				LastSwiftUpdateCheck = 1100;
				LastUpgradeCheck = 1100;
				ORGANIZATIONNAME = "mariam mostafa";
				TargetAttributes = {
					D566844B282BE7FA0089D4F0 = {
						CreatedOnToolsVersion = 11.0;
					};
				};
			};
			buildConfigurationList = D5668447282BE7F90089D4F0 /* Build configuration list for PBXProject "SportsApp" */;
			compatibilityVersion = "Xcode 9.3";
			developmentRegion = en;
			hasScannedForEncodings = 0;
			knownRegions = (
				en,
				Base,
			);
			mainGroup = D5668443282BE7F90089D4F0;
			productRefGroup = D566844D282BE7FA0089D4F0 /* Products */;
			projectDirPath = "";
			projectRoot = "";
			targets = (
				D566844B282BE7FA0089D4F0 /* SportsApp */,
			);
		};
/* End PBXProject section */

/* Begin PBXResourcesBuildPhase section */
		D566844A282BE7FA0089D4F0 /* Resources */ = {
			isa = PBXResourcesBuildPhase;
			buildActionMask = 2147483647;
			files = (
				D566845F282BE8090089D4F0 /* LaunchScreen.storyboard in Resources */,
				D566845C282BE8090089D4F0 /* Assets.xcassets in Resources */,
				D5668457282BE7FA0089D4F0 /* Main.storyboard in Resources */,
				D522053E282C3CD8004EE3FA /* favourite.png in Resources */,
				D522053C282C195E004EE3FA /* youtube.png in Resources */,
			);
			runOnlyForDeploymentPostprocessing = 0;
		};
/* End PBXResourcesBuildPhase section */

/* Begin PBXSourcesBuildPhase section */
		D5668448282BE7FA0089D4F0 /* Sources */ = {
			isa = PBXSourcesBuildPhase;
			buildActionMask = 2147483647;
			files = (
				D5220537282C1019004EE3FA /* LeaguesTableViewController.swift in Sources */,
				9F091167282BFCBA00E78983 /* AllSportsViewController.swift in Sources */,
				9F09116A282BFEDC00E78983 /* AllSportsCollectionViewCell.swift in Sources */,
				D5220539282C162F004EE3FA /* LeaguesTableViewCell.swift in Sources */,
				D5668450282BE7FA0089D4F0 /* AppDelegate.swift in Sources */,
				D566845A282BE7FA0089D4F0 /* SportsApp.xcdatamodeld in Sources */,
				D5668452282BE7FA0089D4F0 /* SceneDelegate.swift in Sources */,
			);
			runOnlyForDeploymentPostprocessing = 0;
		};
/* End PBXSourcesBuildPhase section */

/* Begin PBXVariantGroup section */
		D5668455282BE7FA0089D4F0 /* Main.storyboard */ = {
			isa = PBXVariantGroup;
			children = (
				D5668456282BE7FA0089D4F0 /* Base */,
			);
			name = Main.storyboard;
			sourceTree = "<group>";
		};
		D566845D282BE8090089D4F0 /* LaunchScreen.storyboard */ = {
			isa = PBXVariantGroup;
			children = (
				D566845E282BE8090089D4F0 /* Base */,
			);
			name = LaunchScreen.storyboard;
			sourceTree = "<group>";
		};
/* End PBXVariantGroup section */

/* Begin XCBuildConfiguration section */
		D5668461282BE8090089D4F0 /* Debug */ = {
			isa = XCBuildConfiguration;
			buildSettings = {
				ALWAYS_SEARCH_USER_PATHS = NO;
				CLANG_ANALYZER_NONNULL = YES;
				CLANG_ANALYZER_NUMBER_OBJECT_CONVERSION = YES_AGGRESSIVE;
				CLANG_CXX_LANGUAGE_STANDARD = "gnu++14";
				CLANG_CXX_LIBRARY = "libc++";
				CLANG_ENABLE_MODULES = YES;
				CLANG_ENABLE_OBJC_ARC = YES;
				CLANG_ENABLE_OBJC_WEAK = YES;
				CLANG_WARN_BLOCK_CAPTURE_AUTORELEASING = YES;
				CLANG_WARN_BOOL_CONVERSION = YES;
				CLANG_WARN_COMMA = YES;
				CLANG_WARN_CONSTANT_CONVERSION = YES;
				CLANG_WARN_DEPRECATED_OBJC_IMPLEMENTATIONS = YES;
				CLANG_WARN_DIRECT_OBJC_ISA_USAGE = YES_ERROR;
				CLANG_WARN_DOCUMENTATION_COMMENTS = YES;
				CLANG_WARN_EMPTY_BODY = YES;
				CLANG_WARN_ENUM_CONVERSION = YES;
				CLANG_WARN_INFINITE_RECURSION = YES;
				CLANG_WARN_INT_CONVERSION = YES;
				CLANG_WARN_NON_LITERAL_NULL_CONVERSION = YES;
				CLANG_WARN_OBJC_IMPLICIT_RETAIN_SELF = YES;
				CLANG_WARN_OBJC_LITERAL_CONVERSION = YES;
				CLANG_WARN_OBJC_ROOT_CLASS = YES_ERROR;
				CLANG_WARN_RANGE_LOOP_ANALYSIS = YES;
				CLANG_WARN_STRICT_PROTOTYPES = YES;
				CLANG_WARN_SUSPICIOUS_MOVE = YES;
				CLANG_WARN_UNGUARDED_AVAILABILITY = YES_AGGRESSIVE;
				CLANG_WARN_UNREACHABLE_CODE = YES;
				CLANG_WARN__DUPLICATE_METHOD_MATCH = YES;
				COPY_PHASE_STRIP = NO;
				DEBUG_INFORMATION_FORMAT = dwarf;
				ENABLE_STRICT_OBJC_MSGSEND = YES;
				ENABLE_TESTABILITY = YES;
				GCC_C_LANGUAGE_STANDARD = gnu11;
				GCC_DYNAMIC_NO_PIC = NO;
				GCC_NO_COMMON_BLOCKS = YES;
				GCC_OPTIMIZATION_LEVEL = 0;
				GCC_PREPROCESSOR_DEFINITIONS = (
					"DEBUG=1",
					"$(inherited)",
				);
				GCC_WARN_64_TO_32_BIT_CONVERSION = YES;
				GCC_WARN_ABOUT_RETURN_TYPE = YES_ERROR;
				GCC_WARN_UNDECLARED_SELECTOR = YES;
				GCC_WARN_UNINITIALIZED_AUTOS = YES_AGGRESSIVE;
				GCC_WARN_UNUSED_FUNCTION = YES;
				GCC_WARN_UNUSED_VARIABLE = YES;
				IPHONEOS_DEPLOYMENT_TARGET = 13.0;
				MTL_ENABLE_DEBUG_INFO = INCLUDE_SOURCE;
				MTL_FAST_MATH = YES;
				ONLY_ACTIVE_ARCH = YES;
				SDKROOT = iphoneos;
				SWIFT_ACTIVE_COMPILATION_CONDITIONS = DEBUG;
				SWIFT_OPTIMIZATION_LEVEL = "-Onone";
			};
			name = Debug;
		};
		D5668462282BE8090089D4F0 /* Release */ = {
			isa = XCBuildConfiguration;
			buildSettings = {
				ALWAYS_SEARCH_USER_PATHS = NO;
				CLANG_ANALYZER_NONNULL = YES;
				CLANG_ANALYZER_NUMBER_OBJECT_CONVERSION = YES_AGGRESSIVE;
				CLANG_CXX_LANGUAGE_STANDARD = "gnu++14";
				CLANG_CXX_LIBRARY = "libc++";
				CLANG_ENABLE_MODULES = YES;
				CLANG_ENABLE_OBJC_ARC = YES;
				CLANG_ENABLE_OBJC_WEAK = YES;
				CLANG_WARN_BLOCK_CAPTURE_AUTORELEASING = YES;
				CLANG_WARN_BOOL_CONVERSION = YES;
				CLANG_WARN_COMMA = YES;
				CLANG_WARN_CONSTANT_CONVERSION = YES;
				CLANG_WARN_DEPRECATED_OBJC_IMPLEMENTATIONS = YES;
				CLANG_WARN_DIRECT_OBJC_ISA_USAGE = YES_ERROR;
				CLANG_WARN_DOCUMENTATION_COMMENTS = YES;
				CLANG_WARN_EMPTY_BODY = YES;
				CLANG_WARN_ENUM_CONVERSION = YES;
				CLANG_WARN_INFINITE_RECURSION = YES;
				CLANG_WARN_INT_CONVERSION = YES;
				CLANG_WARN_NON_LITERAL_NULL_CONVERSION = YES;
				CLANG_WARN_OBJC_IMPLICIT_RETAIN_SELF = YES;
				CLANG_WARN_OBJC_LITERAL_CONVERSION = YES;
				CLANG_WARN_OBJC_ROOT_CLASS = YES_ERROR;
				CLANG_WARN_RANGE_LOOP_ANALYSIS = YES;
				CLANG_WARN_STRICT_PROTOTYPES = YES;
				CLANG_WARN_SUSPICIOUS_MOVE = YES;
				CLANG_WARN_UNGUARDED_AVAILABILITY = YES_AGGRESSIVE;
				CLANG_WARN_UNREACHABLE_CODE = YES;
				CLANG_WARN__DUPLICATE_METHOD_MATCH = YES;
				COPY_PHASE_STRIP = NO;
				DEBUG_INFORMATION_FORMAT = "dwarf-with-dsym";
				ENABLE_NS_ASSERTIONS = NO;
				ENABLE_STRICT_OBJC_MSGSEND = YES;
				GCC_C_LANGUAGE_STANDARD = gnu11;
				GCC_NO_COMMON_BLOCKS = YES;
				GCC_WARN_64_TO_32_BIT_CONVERSION = YES;
				GCC_WARN_ABOUT_RETURN_TYPE = YES_ERROR;
				GCC_WARN_UNDECLARED_SELECTOR = YES;
				GCC_WARN_UNINITIALIZED_AUTOS = YES_AGGRESSIVE;
				GCC_WARN_UNUSED_FUNCTION = YES;
				GCC_WARN_UNUSED_VARIABLE = YES;
				IPHONEOS_DEPLOYMENT_TARGET = 13.0;
				MTL_ENABLE_DEBUG_INFO = NO;
				MTL_FAST_MATH = YES;
				SDKROOT = iphoneos;
				SWIFT_COMPILATION_MODE = wholemodule;
				SWIFT_OPTIMIZATION_LEVEL = "-O";
				VALIDATE_PRODUCT = YES;
			};
			name = Release;
		};
		D5668464282BE8090089D4F0 /* Debug */ = {
			isa = XCBuildConfiguration;
			buildSettings = {
				ASSETCATALOG_COMPILER_APPICON_NAME = AppIcon;
				CODE_SIGN_STYLE = Automatic;
				INFOPLIST_FILE = SportsApp/Info.plist;
				LD_RUNPATH_SEARCH_PATHS = (
					"$(inherited)",
					"@executable_path/Frameworks",
				);
				PRODUCT_BUNDLE_IDENTIFIER = iti.SportsApp;
				PRODUCT_NAME = "$(TARGET_NAME)";
				SWIFT_VERSION = 5.0;
				TARGETED_DEVICE_FAMILY = "1,2";
			};
			name = Debug;
		};
		D5668465282BE8090089D4F0 /* Release */ = {
			isa = XCBuildConfiguration;
			buildSettings = {
				ASSETCATALOG_COMPILER_APPICON_NAME = AppIcon;
				CODE_SIGN_STYLE = Automatic;
				INFOPLIST_FILE = SportsApp/Info.plist;
				LD_RUNPATH_SEARCH_PATHS = (
					"$(inherited)",
					"@executable_path/Frameworks",
				);
				PRODUCT_BUNDLE_IDENTIFIER = iti.SportsApp;
				PRODUCT_NAME = "$(TARGET_NAME)";
				SWIFT_VERSION = 5.0;
				TARGETED_DEVICE_FAMILY = "1,2";
			};
			name = Release;
		};
/* End XCBuildConfiguration section */

/* Begin XCConfigurationList section */
		D5668447282BE7F90089D4F0 /* Build configuration list for PBXProject "SportsApp" */ = {
			isa = XCConfigurationList;
			buildConfigurations = (
				D5668461282BE8090089D4F0 /* Debug */,
				D5668462282BE8090089D4F0 /* Release */,
			);
			defaultConfigurationIsVisible = 0;
			defaultConfigurationName = Release;
		};
		D5668463282BE8090089D4F0 /* Build configuration list for PBXNativeTarget "SportsApp" */ = {
			isa = XCConfigurationList;
			buildConfigurations = (
				D5668464282BE8090089D4F0 /* Debug */,
				D5668465282BE8090089D4F0 /* Release */,
			);
			defaultConfigurationIsVisible = 0;
			defaultConfigurationName = Release;
		};
/* End XCConfigurationList section */

/* Begin XCVersionGroup section */
		D5668458282BE7FA0089D4F0 /* SportsApp.xcdatamodeld */ = {
			isa = XCVersionGroup;
			children = (
				D5668459282BE7FA0089D4F0 /* SportsApp.xcdatamodel */,
			);
			currentVersion = D5668459282BE7FA0089D4F0 /* SportsApp.xcdatamodel */;
			path = SportsApp.xcdatamodeld;
			sourceTree = "<group>";
			versionGroupType = wrapper.xcdatamodel;
		};
/* End XCVersionGroup section */
	};
	rootObject = D5668444282BE7F90089D4F0 /* Project object */;
}
